{
  "nodes": {
    "flake-utils": {
      "inputs": {
        "systems": "systems"
      },
      "locked": {
        "lastModified": 1701680307,
        "narHash": "sha256-kAuep2h5ajznlPMD9rnQyffWG8EM/C73lejGofXvdM8=",
        "owner": "numtide",
        "repo": "flake-utils",
        "rev": "4022d587cbbfd70fe950c1e2083a02621806a725",
        "type": "github"
      },
      "original": {
        "owner": "numtide",
        "repo": "flake-utils",
        "type": "github"
      }
    },
    "flake-utils_2": {
      "inputs": {
        "systems": "systems_2"
      },
      "locked": {
        "lastModified": 1710146030,
        "narHash": "sha256-SZ5L6eA7HJ/nmkzGG7/ISclqe6oZdOZTNoesiInkXPQ=",
        "owner": "numtide",
        "repo": "flake-utils",
        "rev": "b1d9ab70662946ef0850d488da1c9019f3a9752a",
        "type": "github"
      },
      "original": {
        "owner": "numtide",
        "repo": "flake-utils",
        "type": "github"
      }
    },
    "gitignore": {
      "inputs": {
        "nixpkgs": [
          "nixos-rk3588",
          "pre-commit-hooks",
          "nixpkgs"
        ]
      },
      "locked": {
        "lastModified": 1660459072,
        "narHash": "sha256-8DFJjXG8zqoONA1vXtgeKXy68KdJL5UaXR8NtVMUbx8=",
        "owner": "hercules-ci",
        "repo": "gitignore.nix",
        "rev": "a20de23b925fd8264fd7fad6454652e142fd7f73",
        "type": "github"
      },
      "original": {
        "owner": "hercules-ci",
        "repo": "gitignore.nix",
        "type": "github"
      }
    },
    "naersk": {
      "inputs": {
        "nixpkgs": "nixpkgs_2"
      },
      "locked": {
        "lastModified": 1698420672,
        "narHash": "sha256-/TdeHMPRjjdJub7p7+w55vyABrsJlt5QkznPYy55vKA=",
        "owner": "nix-community",
        "repo": "naersk",
        "rev": "aeb58d5e8faead8980a807c840232697982d47b9",
        "type": "github"
      },
      "original": {
        "owner": "nix-community",
        "repo": "naersk",
        "type": "github"
      }
    },
    "nixlib": {
      "locked": {
        "lastModified": 1709426687,
        "narHash": "sha256-jLBZmwXf0WYHzLkmEMq33bqhX55YtT5edvluFr0RcSA=",
        "owner": "nix-community",
        "repo": "nixpkgs.lib",
        "rev": "7873d84a89ae6e4841528ff7f5697ddcb5bdfe6c",
        "type": "github"
      },
      "original": {
        "owner": "nix-community",
        "repo": "nixpkgs.lib",
        "type": "github"
      }
    },
    "nixos-generators": {
      "inputs": {
        "nixlib": "nixlib",
        "nixpkgs": [
          "nixos-rk3588",
          "nixpkgs"
        ]
      },
      "locked": {
        "lastModified": 1709557527,
        "narHash": "sha256-PV8oYqhTHX6FGZMQ1m5dhRuS914AhofPwgnAMhUZtwE=",
        "owner": "nix-community",
        "repo": "nixos-generators",
        "rev": "d048d6fc4bada612ff08d4b9d5edc48d45389431",
        "type": "github"
      },
      "original": {
        "owner": "nix-community",
        "repo": "nixos-generators",
        "type": "github"
      }
    },
    "nixos-hardware": {
      "locked": {
        "lastModified": 1709410583,
        "narHash": "sha256-esOSUoQ7mblwcsSea0K17McZuwAIjoS6dq/4b83+lvw=",
        "owner": "NixOS",
        "repo": "nixos-hardware",
        "rev": "59e37017b9ed31dee303dbbd4531c594df95cfbc",
        "type": "github"
      },
      "original": {
        "owner": "NixOS",
        "ref": "master",
        "repo": "nixos-hardware",
        "type": "github"
      }
    },
    "nixos-rk3588": {
      "inputs": {
        "flake-utils": "flake-utils",
        "nixos-generators": "nixos-generators",
        "nixpkgs": [
          "nixpkgs"
        ],
        "pre-commit-hooks": "pre-commit-hooks"
      },
      "locked": {
        "lastModified": 1709799829,
        "narHash": "sha256-/hUwUFhKMRXRXU9tdW2GhqzyjrbR+duZbPMUcKdiCZ4=",
        "owner": "ryan4yin",
        "repo": "nixos-rk3588",
        "rev": "52d63fecbaebd6fd0dab22d9a48d96084e8ca4e9",
        "type": "github"
      },
      "original": {
        "owner": "ryan4yin",
        "repo": "nixos-rk3588",
        "type": "github"
      }
    },
    "nixpkgs": {
      "locked": {
        "lastModified": 1709703039,
        "narHash": "sha256-6hqgQ8OK6gsMu1VtcGKBxKQInRLHtzulDo9Z5jxHEFY=",
        "owner": "NixOS",
        "repo": "nixpkgs",
        "rev": "9df3e30ce24fd28c7b3e2de0d986769db5d6225d",
        "type": "github"
      },
      "original": {
        "owner": "NixOS",
        "ref": "nixos-unstable",
        "repo": "nixpkgs",
        "type": "github"
      }
    },
    "nixpkgs_2": {
      "locked": {
        "lastModified": 0,
        "narHash": "sha256-n6F0n8UV6lnTZbYPl1A9q1BS0p4hduAv1mGAP17CVd0=",
        "path": "/nix/store/bjvqq8c79dbi59g7xzcc6lhl0f19m3d7-source",
        "type": "path"
      },
      "original": {
        "id": "nixpkgs",
        "type": "indirect"
      }
    },
    "pre-commit-hooks": {
      "inputs": {
        "flake-compat": [
          "nixos-rk3588"
        ],
        "flake-utils": [
          "nixos-rk3588",
          "flake-utils"
        ],
        "gitignore": "gitignore",
        "nixpkgs": [
          "nixos-rk3588",
          "nixpkgs"
        ],
        "nixpkgs-stable": [
          "nixos-rk3588",
          "nixpkgs"
        ]
      },
      "locked": {
        "lastModified": 1702456155,
        "narHash": "sha256-I2XhXGAecdGlqi6hPWYT83AQtMgL+aa3ulA85RAEgOk=",
        "owner": "cachix",
        "repo": "pre-commit-hooks.nix",
        "rev": "007a45d064c1c32d04e1b8a0de5ef00984c419bc",
        "type": "github"
      },
      "original": {
        "owner": "cachix",
        "repo": "pre-commit-hooks.nix",
        "type": "github"
      }
    },
    "rgb-2024": {
      "inputs": {
        "flake-utils": "flake-utils_2",
        "naersk": "naersk",
        "nixpkgs": [
          "nixpkgs"
        ]
      },
      "locked": {
        "lastModified": 1710535110,
        "narHash": "sha256-J5aDYRPLgWXIgiEsoq4yC1OIMjOeMoYprBW0+nkhhMs=",
        "owner": "FRC3636",
        "repo": "rgb-2024",
        "rev": "a0fe190ce1073020354cd9c91f18046dc3e200e9",
        "type": "github"
      },
      "original": {
        "owner": "FRC3636",
        "repo": "rgb-2024",
        "type": "github"
      }
    },
    "root": {
      "inputs": {
        "nixos-hardware": "nixos-hardware",
        "nixos-rk3588": "nixos-rk3588",
        "nixpkgs": "nixpkgs",
        "rgb-2024": "rgb-2024"
      }
    },
    "systems": {
      "locked": {
        "lastModified": 1681028828,
        "narHash": "sha256-Vy1rq5AaRuLzOxct8nz4T6wlgyUR7zLU309k9mBC768=",
        "owner": "nix-systems",
        "repo": "default",
        "rev": "da67096a3b9bf56a91d16901293e51ba5b49a27e",
        "type": "github"
      },
      "original": {
        "owner": "nix-systems",
        "repo": "default",
        "type": "github"
      }
    },
    "systems_2": {
      "locked": {
        "lastModified": 1681028828,
        "narHash": "sha256-Vy1rq5AaRuLzOxct8nz4T6wlgyUR7zLU309k9mBC768=",
        "owner": "nix-systems",
        "repo": "default",
        "rev": "da67096a3b9bf56a91d16901293e51ba5b49a27e",
        "type": "github"
      },
      "original": {
        "owner": "nix-systems",
        "repo": "default",
        "type": "github"
      }
    }
  },
  "root": "root",
  "version": 7
}
